// !$*UTF8*$!
{
	archiveVersion = 1;
	classes = {
	};
	objectVersion = 46;
	objects = {

/* Begin PBXBuildFile section */
		BA0CF9281908CF630060D7F7 /* AVFoundation.framework in Frameworks */ = {isa = PBXBuildFile; fileRef = BA0CF9271908CF630060D7F7 /* AVFoundation.framework */; };
		BA0CF9421908D0700060D7F7 /* amrFileCodec.mm in Sources */ = {isa = PBXBuildFile; fileRef = BA0CF92D1908D0700060D7F7 /* amrFileCodec.mm */; };
		BA0CF9431908D0700060D7F7 /* wav.mm in Sources */ = {isa = PBXBuildFile; fileRef = BA0CF92F1908D0700060D7F7 /* wav.mm */; };
		BA0CF9441908D0700060D7F7 /* libopencore-amrnb.a in Frameworks */ = {isa = PBXBuildFile; fileRef = BA0CF9311908D0700060D7F7 /* libopencore-amrnb.a */; };
		BA0CF9451908D0700060D7F7 /* libopencore-amrwb.a in Frameworks */ = {isa = PBXBuildFile; fileRef = BA0CF9321908D0700060D7F7 /* libopencore-amrwb.a */; };
		BA0CF9461908D0700060D7F7 /* VoiceConverter.mm in Sources */ = {isa = PBXBuildFile; fileRef = BA0CF93A1908D0700060D7F7 /* VoiceConverter.mm */; };
		BA0CF9471908D0700060D7F7 /* ChatVoiceRecorderVC.m in Sources */ = {isa = PBXBuildFile; fileRef = BA0CF93F1908D0700060D7F7 /* ChatVoiceRecorderVC.m */; };
		BA0CF9481908D0700060D7F7 /* VoiceRecorderBaseVC.m in Sources */ = {isa = PBXBuildFile; fileRef = BA0CF9411908D0700060D7F7 /* VoiceRecorderBaseVC.m */; };
		BA8CDBB719066EBB00F10616 /* Foundation.framework in Frameworks */ = {isa = PBXBuildFile; fileRef = BA8CDBB619066EBB00F10616 /* Foundation.framework */; };
		BA8CDBB919066EBB00F10616 /* CoreGraphics.framework in Frameworks */ = {isa = PBXBuildFile; fileRef = BA8CDBB819066EBB00F10616 /* CoreGraphics.framework */; };
		BA8CDBBB19066EBB00F10616 /* UIKit.framework in Frameworks */ = {isa = PBXBuildFile; fileRef = BA8CDBBA19066EBB00F10616 /* UIKit.framework */; };
		BA8CDBC119066EBB00F10616 /* InfoPlist.strings in Resources */ = {isa = PBXBuildFile; fileRef = BA8CDBBF19066EBB00F10616 /* InfoPlist.strings */; };
		BA8CDBC319066EBB00F10616 /* main.m in Sources */ = {isa = PBXBuildFile; fileRef = BA8CDBC219066EBB00F10616 /* main.m */; };
		BA8CDBC719066EBB00F10616 /* AppDelegate.m in Sources */ = {isa = PBXBuildFile; fileRef = BA8CDBC619066EBB00F10616 /* AppDelegate.m */; };
		BA8CDBC919066EBB00F10616 /* Images.xcassets in Resources */ = {isa = PBXBuildFile; fileRef = BA8CDBC819066EBB00F10616 /* Images.xcassets */; };
		BA8CDBD019066EBC00F10616 /* XCTest.framework in Frameworks */ = {isa = PBXBuildFile; fileRef = BA8CDBCF19066EBC00F10616 /* XCTest.framework */; };
		BA8CDBD119066EBC00F10616 /* Foundation.framework in Frameworks */ = {isa = PBXBuildFile; fileRef = BA8CDBB619066EBB00F10616 /* Foundation.framework */; };
		BA8CDBD219066EBC00F10616 /* UIKit.framework in Frameworks */ = {isa = PBXBuildFile; fileRef = BA8CDBBA19066EBB00F10616 /* UIKit.framework */; };
		BA8CDBDA19066EBC00F10616 /* InfoPlist.strings in Resources */ = {isa = PBXBuildFile; fileRef = BA8CDBD819066EBC00F10616 /* InfoPlist.strings */; };
		BA8CDBDC19066EBC00F10616 /* mesageTableViewTests.m in Sources */ = {isa = PBXBuildFile; fileRef = BA8CDBDB19066EBC00F10616 /* mesageTableViewTests.m */; };
		BA8CDBE819066ED400F10616 /* chatViewController.m in Sources */ = {isa = PBXBuildFile; fileRef = BA8CDBE619066ED400F10616 /* chatViewController.m */; };
		BA8CDBE919066ED400F10616 /* chatViewController.xib in Resources */ = {isa = PBXBuildFile; fileRef = BA8CDBE719066ED400F10616 /* chatViewController.xib */; };
		BA8CDBED1906700000F10616 /* MessageTableViewCell.m in Sources */ = {isa = PBXBuildFile; fileRef = BA8CDBEB1906700000F10616 /* MessageTableViewCell.m */; };
		BA8CDBEE1906700000F10616 /* MessageTableViewCell.xib in Resources */ = {isa = PBXBuildFile; fileRef = BA8CDBEC1906700000F10616 /* MessageTableViewCell.xib */; };
		BA8CDC04190670C400F10616 /* chat_bg_default.jpg in Resources */ = {isa = PBXBuildFile; fileRef = BA8CDBF0190670C300F10616 /* chat_bg_default.jpg */; };
		BA8CDC05190670C400F10616 /* chat_bottom_keyboard_nor.png in Resources */ = {isa = PBXBuildFile; fileRef = BA8CDBF1190670C300F10616 /* chat_bottom_keyboard_nor.png */; };
		BA8CDC06190670C400F10616 /* chat_bottom_keyboard_press.png in Resources */ = {isa = PBXBuildFile; fileRef = BA8CDBF2190670C300F10616 /* chat_bottom_keyboard_press.png */; };
		BA8CDC07190670C400F10616 /* chat_bottom_smile_nor.png in Resources */ = {isa = PBXBuildFile; fileRef = BA8CDBF3190670C300F10616 /* chat_bottom_smile_nor.png */; };
		BA8CDC08190670C400F10616 /* chat_bottom_smile_press.png in Resources */ = {isa = PBXBuildFile; fileRef = BA8CDBF4190670C300F10616 /* chat_bottom_smile_press.png */; };
		BA8CDC09190670C400F10616 /* chat_bottom_textfield.png in Resources */ = {isa = PBXBuildFile; fileRef = BA8CDBF5190670C300F10616 /* chat_bottom_textfield.png */; };
		BA8CDC0A190670C400F10616 /* chat_bottom_up_nor.png in Resources */ = {isa = PBXBuildFile; fileRef = BA8CDBF6190670C300F10616 /* chat_bottom_up_nor.png */; };
		BA8CDC0B190670C400F10616 /* chat_bottom_up_press.png in Resources */ = {isa = PBXBuildFile; fileRef = BA8CDBF7190670C400F10616 /* chat_bottom_up_press.png */; };
		BA8CDC0C190670C400F10616 /* chat_bottom_voice_nor.png in Resources */ = {isa = PBXBuildFile; fileRef = BA8CDBF8190670C400F10616 /* chat_bottom_voice_nor.png */; };
		BA8CDC0D190670C400F10616 /* chat_bottom_voice_press.png in Resources */ = {isa = PBXBuildFile; fileRef = BA8CDBF9190670C400F10616 /* chat_bottom_voice_press.png */; };
		BA8CDC0E190670C400F10616 /* chat_timeline_bg.png in Resources */ = {isa = PBXBuildFile; fileRef = BA8CDBFA190670C400F10616 /* chat_timeline_bg.png */; };
		BA8CDC0F190670C400F10616 /* chatfrom_bg_focused.png in Resources */ = {isa = PBXBuildFile; fileRef = BA8CDBFB190670C400F10616 /* chatfrom_bg_focused.png */; };
		BA8CDC10190670C400F10616 /* chatfrom_bg_normal.png in Resources */ = {isa = PBXBuildFile; fileRef = BA8CDBFC190670C400F10616 /* chatfrom_bg_normal.png */; };
		BA8CDC11190670C400F10616 /* chatto_bg_focused.png in Resources */ = {isa = PBXBuildFile; fileRef = BA8CDBFD190670C400F10616 /* chatto_bg_focused.png */; };
		BA8CDC12190670C400F10616 /* chatto_bg_normal.png in Resources */ = {isa = PBXBuildFile; fileRef = BA8CDBFE190670C400F10616 /* chatto_bg_normal.png */; };
		BA8CDC14190670C400F10616 /* icon02.png in Resources */ = {isa = PBXBuildFile; fileRef = BA8CDC00190670C400F10616 /* icon02.png */; };
		BA8CDC15190670C400F10616 /* messages.plist in Resources */ = {isa = PBXBuildFile; fileRef = BA8CDC01190670C400F10616 /* messages.plist */; };
		BA8CDC16190670C400F10616 /* toolbar_bottom_bar.png in Resources */ = {isa = PBXBuildFile; fileRef = BA8CDC03190670C400F10616 /* toolbar_bottom_bar.png */; };
		BA982D351907506D00A8AFBB /* man.jpg in Resources */ = {isa = PBXBuildFile; fileRef = BA982D341907506D00A8AFBB /* man.jpg */; };
		BACF986F1907B0DE00A4EC95 /* Message.m in Sources */ = {isa = PBXBuildFile; fileRef = BACF986E1907B0DE00A4EC95 /* Message.m */; };
		BACF987E1907C15F00A4EC95 /* MJPhoto.m in Sources */ = {isa = PBXBuildFile; fileRef = BACF98721907C15F00A4EC95 /* MJPhoto.m */; };
		BACF987F1907C15F00A4EC95 /* MJPhotoBrowser.bundle in Resources */ = {isa = PBXBuildFile; fileRef = BACF98731907C15F00A4EC95 /* MJPhotoBrowser.bundle */; };
		BACF98801907C15F00A4EC95 /* MJPhotoBrowser.m in Sources */ = {isa = PBXBuildFile; fileRef = BACF98751907C15F00A4EC95 /* MJPhotoBrowser.m */; };
		BACF98811907C15F00A4EC95 /* MJPhotoLoadingView.m in Sources */ = {isa = PBXBuildFile; fileRef = BACF98771907C15F00A4EC95 /* MJPhotoLoadingView.m */; };
		BACF98821907C15F00A4EC95 /* MJPhotoProgressView.m in Sources */ = {isa = PBXBuildFile; fileRef = BACF98791907C15F00A4EC95 /* MJPhotoProgressView.m */; };
		BACF98831907C15F00A4EC95 /* MJPhotoToolbar.m in Sources */ = {isa = PBXBuildFile; fileRef = BACF987B1907C15F00A4EC95 /* MJPhotoToolbar.m */; };
		BACF98841907C15F00A4EC95 /* MJPhotoView.m in Sources */ = {isa = PBXBuildFile; fileRef = BACF987D1907C15F00A4EC95 /* MJPhotoView.m */; };
		BACF98A71907C41F00A4EC95 /* MKAnnotationView+WebCache.m in Sources */ = {isa = PBXBuildFile; fileRef = BACF98871907C41E00A4EC95 /* MKAnnotationView+WebCache.m */; };
		BACF98A81907C41F00A4EC95 /* NSData+GIF.m in Sources */ = {isa = PBXBuildFile; fileRef = BACF98891907C41E00A4EC95 /* NSData+GIF.m */; };
		BACF98A91907C41F00A4EC95 /* SDImageCache.m in Sources */ = {isa = PBXBuildFile; fileRef = BACF988B1907C41E00A4EC95 /* SDImageCache.m */; };
		BACF98AA1907C41F00A4EC95 /* SDWebImageCompat.m in Sources */ = {isa = PBXBuildFile; fileRef = BACF988D1907C41E00A4EC95 /* SDWebImageCompat.m */; };
		BACF98AB1907C41F00A4EC95 /* SDWebImageDecoder.m in Sources */ = {isa = PBXBuildFile; fileRef = BACF988F1907C41E00A4EC95 /* SDWebImageDecoder.m */; };
		BACF98AC1907C41F00A4EC95 /* SDWebImageDownloader.m in Sources */ = {isa = PBXBuildFile; fileRef = BACF98911907C41E00A4EC95 /* SDWebImageDownloader.m */; };
		BACF98AD1907C41F00A4EC95 /* SDWebImageDownloaderOperation.m in Sources */ = {isa = PBXBuildFile; fileRef = BACF98931907C41E00A4EC95 /* SDWebImageDownloaderOperation.m */; };
		BACF98AE1907C41F00A4EC95 /* SDWebImageManager+MJ.m in Sources */ = {isa = PBXBuildFile; fileRef = BACF98951907C41F00A4EC95 /* SDWebImageManager+MJ.m */; };
		BACF98AF1907C41F00A4EC95 /* SDWebImageManager.m in Sources */ = {isa = PBXBuildFile; fileRef = BACF98971907C41F00A4EC95 /* SDWebImageManager.m */; };
		BACF98B01907C41F00A4EC95 /* SDWebImagePrefetcher.m in Sources */ = {isa = PBXBuildFile; fileRef = BACF989A1907C41F00A4EC95 /* SDWebImagePrefetcher.m */; };
		BACF98B11907C41F00A4EC95 /* UIButton+WebCache.m in Sources */ = {isa = PBXBuildFile; fileRef = BACF989C1907C41F00A4EC95 /* UIButton+WebCache.m */; };
		BACF98B21907C41F00A4EC95 /* UIImage+GIF.m in Sources */ = {isa = PBXBuildFile; fileRef = BACF989E1907C41F00A4EC95 /* UIImage+GIF.m */; };
		BACF98B31907C41F00A4EC95 /* UIImage+MultiFormat.m in Sources */ = {isa = PBXBuildFile; fileRef = BACF98A01907C41F00A4EC95 /* UIImage+MultiFormat.m */; };
		BACF98B41907C41F00A4EC95 /* UIImage+WebP.m in Sources */ = {isa = PBXBuildFile; fileRef = BACF98A21907C41F00A4EC95 /* UIImage+WebP.m */; };
		BACF98B51907C41F00A4EC95 /* UIImageView+MJWebCache.m in Sources */ = {isa = PBXBuildFile; fileRef = BACF98A41907C41F00A4EC95 /* UIImageView+MJWebCache.m */; };
		BACF98B61907C41F00A4EC95 /* UIImageView+WebCache.m in Sources */ = {isa = PBXBuildFile; fileRef = BACF98A61907C41F00A4EC95 /* UIImageView+WebCache.m */; };
		BACF98BD1907C43800A4EC95 /* MBProgressHUD+Add.m in Sources */ = {isa = PBXBuildFile; fileRef = BACF98B91907C43800A4EC95 /* MBProgressHUD+Add.m */; };
		BACF98BE1907C43800A4EC95 /* MBProgressHUD.bundle in Resources */ = {isa = PBXBuildFile; fileRef = BACF98BA1907C43800A4EC95 /* MBProgressHUD.bundle */; };
		BACF98BF1907C43800A4EC95 /* MBProgressHUD.m in Sources */ = {isa = PBXBuildFile; fileRef = BACF98BC1907C43800A4EC95 /* MBProgressHUD.m */; };
		BAD7C4DD190A0202002972EB /* ChatData.xcdatamodeld in Sources */ = {isa = PBXBuildFile; fileRef = BAD7C4DB190A0202002972EB /* ChatData.xcdatamodeld */; };
		BAD7C4E2190A038E002972EB /* CoreData.framework in Frameworks */ = {isa = PBXBuildFile; fileRef = BAD7C4E1190A038E002972EB /* CoreData.framework */; };
		BAE706A4190DF7D800DDDB70 /* Chat.m in Sources */ = {isa = PBXBuildFile; fileRef = BAE706A3190DF7D800DDDB70 /* Chat.m */; };
/* End PBXBuildFile section */

/* Begin PBXContainerItemProxy section */
		BA8CDBD319066EBC00F10616 /* PBXContainerItemProxy */ = {
			isa = PBXContainerItemProxy;
			containerPortal = BA8CDBAB19066EBB00F10616 /* Project object */;
			proxyType = 1;
			remoteGlobalIDString = BA8CDBB219066EBB00F10616;
			remoteInfo = mesageTableView;
		};
/* End PBXContainerItemProxy section */

/* Begin PBXFileReference section */
		BA0CF9271908CF630060D7F7 /* AVFoundation.framework */ = {isa = PBXFileReference; lastKnownFileType = wrapper.framework; name = AVFoundation.framework; path = System/Library/Frameworks/AVFoundation.framework; sourceTree = SDKROOT; };
		BA0CF92C1908D0700060D7F7 /* amrFileCodec.h */ = {isa = PBXFileReference; fileEncoding = 4; lastKnownFileType = sourcecode.c.h; path = amrFileCodec.h; sourceTree = "<group>"; };
		BA0CF92D1908D0700060D7F7 /* amrFileCodec.mm */ = {isa = PBXFileReference; fileEncoding = 4; lastKnownFileType = sourcecode.cpp.objcpp; path = amrFileCodec.mm; sourceTree = "<group>"; };
		BA0CF92E1908D0700060D7F7 /* wav.h */ = {isa = PBXFileReference; fileEncoding = 4; lastKnownFileType = sourcecode.c.h; path = wav.h; sourceTree = "<group>"; };
		BA0CF92F1908D0700060D7F7 /* wav.mm */ = {isa = PBXFileReference; fileEncoding = 4; lastKnownFileType = sourcecode.cpp.objcpp; path = wav.mm; sourceTree = "<group>"; };
		BA0CF9311908D0700060D7F7 /* libopencore-amrnb.a */ = {isa = PBXFileReference; lastKnownFileType = archive.ar; path = "libopencore-amrnb.a"; sourceTree = "<group>"; };
		BA0CF9321908D0700060D7F7 /* libopencore-amrwb.a */ = {isa = PBXFileReference; lastKnownFileType = archive.ar; path = "libopencore-amrwb.a"; sourceTree = "<group>"; };
		BA0CF9341908D0700060D7F7 /* interf_dec.h */ = {isa = PBXFileReference; fileEncoding = 4; lastKnownFileType = sourcecode.c.h; path = interf_dec.h; sourceTree = "<group>"; };
		BA0CF9351908D0700060D7F7 /* interf_enc.h */ = {isa = PBXFileReference; fileEncoding = 4; lastKnownFileType = sourcecode.c.h; path = interf_enc.h; sourceTree = "<group>"; };
		BA0CF9371908D0700060D7F7 /* dec_if.h */ = {isa = PBXFileReference; fileEncoding = 4; lastKnownFileType = sourcecode.c.h; path = dec_if.h; sourceTree = "<group>"; };
		BA0CF9381908D0700060D7F7 /* if_rom.h */ = {isa = PBXFileReference; fileEncoding = 4; lastKnownFileType = sourcecode.c.h; path = if_rom.h; sourceTree = "<group>"; };
		BA0CF9391908D0700060D7F7 /* VoiceConverter.h */ = {isa = PBXFileReference; fileEncoding = 4; lastKnownFileType = sourcecode.c.h; path = VoiceConverter.h; sourceTree = "<group>"; };
		BA0CF93A1908D0700060D7F7 /* VoiceConverter.mm */ = {isa = PBXFileReference; fileEncoding = 4; lastKnownFileType = sourcecode.cpp.objcpp; path = VoiceConverter.mm; sourceTree = "<group>"; };
		BA0CF93E1908D0700060D7F7 /* ChatVoiceRecorderVC.h */ = {isa = PBXFileReference; fileEncoding = 4; lastKnownFileType = sourcecode.c.h; path = ChatVoiceRecorderVC.h; sourceTree = "<group>"; };
		BA0CF93F1908D0700060D7F7 /* ChatVoiceRecorderVC.m */ = {isa = PBXFileReference; fileEncoding = 4; lastKnownFileType = sourcecode.c.objc; path = ChatVoiceRecorderVC.m; sourceTree = "<group>"; };
		BA0CF9401908D0700060D7F7 /* VoiceRecorderBaseVC.h */ = {isa = PBXFileReference; fileEncoding = 4; lastKnownFileType = sourcecode.c.h; path = VoiceRecorderBaseVC.h; sourceTree = "<group>"; };
		BA0CF9411908D0700060D7F7 /* VoiceRecorderBaseVC.m */ = {isa = PBXFileReference; fileEncoding = 4; lastKnownFileType = sourcecode.c.objc; path = VoiceRecorderBaseVC.m; sourceTree = "<group>"; };
		BA8CDBB319066EBB00F10616 /* mesageTableView.app */ = {isa = PBXFileReference; explicitFileType = wrapper.application; includeInIndex = 0; path = mesageTableView.app; sourceTree = BUILT_PRODUCTS_DIR; };
		BA8CDBB619066EBB00F10616 /* Foundation.framework */ = {isa = PBXFileReference; lastKnownFileType = wrapper.framework; name = Foundation.framework; path = System/Library/Frameworks/Foundation.framework; sourceTree = SDKROOT; };
		BA8CDBB819066EBB00F10616 /* CoreGraphics.framework */ = {isa = PBXFileReference; lastKnownFileType = wrapper.framework; name = CoreGraphics.framework; path = System/Library/Frameworks/CoreGraphics.framework; sourceTree = SDKROOT; };
		BA8CDBBA19066EBB00F10616 /* UIKit.framework */ = {isa = PBXFileReference; lastKnownFileType = wrapper.framework; name = UIKit.framework; path = System/Library/Frameworks/UIKit.framework; sourceTree = SDKROOT; };
		BA8CDBBE19066EBB00F10616 /* mesageTableView-Info.plist */ = {isa = PBXFileReference; lastKnownFileType = text.plist.xml; path = "mesageTableView-Info.plist"; sourceTree = "<group>"; };
		BA8CDBC019066EBB00F10616 /* en */ = {isa = PBXFileReference; lastKnownFileType = text.plist.strings; name = en; path = en.lproj/InfoPlist.strings; sourceTree = "<group>"; };
		BA8CDBC219066EBB00F10616 /* main.m */ = {isa = PBXFileReference; lastKnownFileType = sourcecode.c.objc; path = main.m; sourceTree = "<group>"; };
		BA8CDBC419066EBB00F10616 /* mesageTableView-Prefix.pch */ = {isa = PBXFileReference; lastKnownFileType = sourcecode.c.h; path = "mesageTableView-Prefix.pch"; sourceTree = "<group>"; };
		BA8CDBC519066EBB00F10616 /* AppDelegate.h */ = {isa = PBXFileReference; lastKnownFileType = sourcecode.c.h; path = AppDelegate.h; sourceTree = "<group>"; };
		BA8CDBC619066EBB00F10616 /* AppDelegate.m */ = {isa = PBXFileReference; lastKnownFileType = sourcecode.c.objc; path = AppDelegate.m; sourceTree = "<group>"; };
		BA8CDBC819066EBB00F10616 /* Images.xcassets */ = {isa = PBXFileReference; lastKnownFileType = folder.assetcatalog; path = Images.xcassets; sourceTree = "<group>"; };
		BA8CDBCE19066EBC00F10616 /* mesageTableViewTests.xctest */ = {isa = PBXFileReference; explicitFileType = wrapper.cfbundle; includeInIndex = 0; path = mesageTableViewTests.xctest; sourceTree = BUILT_PRODUCTS_DIR; };
		BA8CDBCF19066EBC00F10616 /* XCTest.framework */ = {isa = PBXFileReference; lastKnownFileType = wrapper.framework; name = XCTest.framework; path = Library/Frameworks/XCTest.framework; sourceTree = DEVELOPER_DIR; };
		BA8CDBD719066EBC00F10616 /* mesageTableViewTests-Info.plist */ = {isa = PBXFileReference; lastKnownFileType = text.plist.xml; path = "mesageTableViewTests-Info.plist"; sourceTree = "<group>"; };
		BA8CDBD919066EBC00F10616 /* en */ = {isa = PBXFileReference; lastKnownFileType = text.plist.strings; name = en; path = en.lproj/InfoPlist.strings; sourceTree = "<group>"; };
		BA8CDBDB19066EBC00F10616 /* mesageTableViewTests.m */ = {isa = PBXFileReference; lastKnownFileType = sourcecode.c.objc; path = mesageTableViewTests.m; sourceTree = "<group>"; };
		BA8CDBE519066ED400F10616 /* chatViewController.h */ = {isa = PBXFileReference; fileEncoding = 4; lastKnownFileType = sourcecode.c.h; path = chatViewController.h; sourceTree = "<group>"; };
		BA8CDBE619066ED400F10616 /* chatViewController.m */ = {isa = PBXFileReference; fileEncoding = 4; lastKnownFileType = sourcecode.c.objc; path = chatViewController.m; sourceTree = "<group>"; };
		BA8CDBE719066ED400F10616 /* chatViewController.xib */ = {isa = PBXFileReference; fileEncoding = 4; lastKnownFileType = file.xib; path = chatViewController.xib; sourceTree = "<group>"; };
		BA8CDBEA1906700000F10616 /* MessageTableViewCell.h */ = {isa = PBXFileReference; fileEncoding = 4; lastKnownFileType = sourcecode.c.h; path = MessageTableViewCell.h; sourceTree = "<group>"; };
		BA8CDBEB1906700000F10616 /* MessageTableViewCell.m */ = {isa = PBXFileReference; fileEncoding = 4; lastKnownFileType = sourcecode.c.objc; path = MessageTableViewCell.m; sourceTree = "<group>"; };
		BA8CDBEC1906700000F10616 /* MessageTableViewCell.xib */ = {isa = PBXFileReference; fileEncoding = 4; lastKnownFileType = file.xib; path = MessageTableViewCell.xib; sourceTree = "<group>"; };
		BA8CDBF0190670C300F10616 /* chat_bg_default.jpg */ = {isa = PBXFileReference; lastKnownFileType = image.jpeg; path = chat_bg_default.jpg; sourceTree = "<group>"; };
		BA8CDBF1190670C300F10616 /* chat_bottom_keyboard_nor.png */ = {isa = PBXFileReference; lastKnownFileType = image.png; path = chat_bottom_keyboard_nor.png; sourceTree = "<group>"; };
		BA8CDBF2190670C300F10616 /* chat_bottom_keyboard_press.png */ = {isa = PBXFileReference; lastKnownFileType = image.png; path = chat_bottom_keyboard_press.png; sourceTree = "<group>"; };
		BA8CDBF3190670C300F10616 /* chat_bottom_smile_nor.png */ = {isa = PBXFileReference; lastKnownFileType = image.png; path = chat_bottom_smile_nor.png; sourceTree = "<group>"; };
		BA8CDBF4190670C300F10616 /* chat_bottom_smile_press.png */ = {isa = PBXFileReference; lastKnownFileType = image.png; path = chat_bottom_smile_press.png; sourceTree = "<group>"; };
		BA8CDBF5190670C300F10616 /* chat_bottom_textfield.png */ = {isa = PBXFileReference; lastKnownFileType = image.png; path = chat_bottom_textfield.png; sourceTree = "<group>"; };
		BA8CDBF6190670C300F10616 /* chat_bottom_up_nor.png */ = {isa = PBXFileReference; lastKnownFileType = image.png; path = chat_bottom_up_nor.png; sourceTree = "<group>"; };
		BA8CDBF7190670C400F10616 /* chat_bottom_up_press.png */ = {isa = PBXFileReference; lastKnownFileType = image.png; path = chat_bottom_up_press.png; sourceTree = "<group>"; };
		BA8CDBF8190670C400F10616 /* chat_bottom_voice_nor.png */ = {isa = PBXFileReference; lastKnownFileType = image.png; path = chat_bottom_voice_nor.png; sourceTree = "<group>"; };
		BA8CDBF9190670C400F10616 /* chat_bottom_voice_press.png */ = {isa = PBXFileReference; lastKnownFileType = image.png; path = chat_bottom_voice_press.png; sourceTree = "<group>"; };
		BA8CDBFA190670C400F10616 /* chat_timeline_bg.png */ = {isa = PBXFileReference; lastKnownFileType = image.png; path = chat_timeline_bg.png; sourceTree = "<group>"; };
		BA8CDBFB190670C400F10616 /* chatfrom_bg_focused.png */ = {isa = PBXFileReference; lastKnownFileType = image.png; path = chatfrom_bg_focused.png; sourceTree = "<group>"; };
		BA8CDBFC190670C400F10616 /* chatfrom_bg_normal.png */ = {isa = PBXFileReference; lastKnownFileType = image.png; path = chatfrom_bg_normal.png; sourceTree = "<group>"; };
		BA8CDBFD190670C400F10616 /* chatto_bg_focused.png */ = {isa = PBXFileReference; lastKnownFileType = image.png; path = chatto_bg_focused.png; sourceTree = "<group>"; };
		BA8CDBFE190670C400F10616 /* chatto_bg_normal.png */ = {isa = PBXFileReference; lastKnownFileType = image.png; path = chatto_bg_normal.png; sourceTree = "<group>"; };
		BA8CDC00190670C400F10616 /* icon02.png */ = {isa = PBXFileReference; lastKnownFileType = image.png; path = icon02.png; sourceTree = "<group>"; };
		BA8CDC01190670C400F10616 /* messages.plist */ = {isa = PBXFileReference; fileEncoding = 4; lastKnownFileType = text.plist.xml; path = messages.plist; sourceTree = "<group>"; };
		BA8CDC03190670C400F10616 /* toolbar_bottom_bar.png */ = {isa = PBXFileReference; lastKnownFileType = image.png; path = toolbar_bottom_bar.png; sourceTree = "<group>"; };
		BA982D341907506D00A8AFBB /* man.jpg */ = {isa = PBXFileReference; lastKnownFileType = image.jpeg; path = man.jpg; sourceTree = "<group>"; };
		BACF986D1907B0DE00A4EC95 /* Message.h */ = {isa = PBXFileReference; fileEncoding = 4; lastKnownFileType = sourcecode.c.h; path = Message.h; sourceTree = "<group>"; };
		BACF986E1907B0DE00A4EC95 /* Message.m */ = {isa = PBXFileReference; fileEncoding = 4; lastKnownFileType = sourcecode.c.objc; path = Message.m; sourceTree = "<group>"; };
		BACF98711907C15F00A4EC95 /* MJPhoto.h */ = {isa = PBXFileReference; fileEncoding = 4; lastKnownFileType = sourcecode.c.h; path = MJPhoto.h; sourceTree = "<group>"; };
		BACF98721907C15F00A4EC95 /* MJPhoto.m */ = {isa = PBXFileReference; fileEncoding = 4; lastKnownFileType = sourcecode.c.objc; path = MJPhoto.m; sourceTree = "<group>"; };
		BACF98731907C15F00A4EC95 /* MJPhotoBrowser.bundle */ = {isa = PBXFileReference; lastKnownFileType = "wrapper.plug-in"; path = MJPhotoBrowser.bundle; sourceTree = "<group>"; };
		BACF98741907C15F00A4EC95 /* MJPhotoBrowser.h */ = {isa = PBXFileReference; fileEncoding = 4; lastKnownFileType = sourcecode.c.h; path = MJPhotoBrowser.h; sourceTree = "<group>"; };
		BACF98751907C15F00A4EC95 /* MJPhotoBrowser.m */ = {isa = PBXFileReference; fileEncoding = 4; lastKnownFileType = sourcecode.c.objc; path = MJPhotoBrowser.m; sourceTree = "<group>"; };
		BACF98761907C15F00A4EC95 /* MJPhotoLoadingView.h */ = {isa = PBXFileReference; fileEncoding = 4; lastKnownFileType = sourcecode.c.h; path = MJPhotoLoadingView.h; sourceTree = "<group>"; };
		BACF98771907C15F00A4EC95 /* MJPhotoLoadingView.m */ = {isa = PBXFileReference; fileEncoding = 4; lastKnownFileType = sourcecode.c.objc; path = MJPhotoLoadingView.m; sourceTree = "<group>"; };
		BACF98781907C15F00A4EC95 /* MJPhotoProgressView.h */ = {isa = PBXFileReference; fileEncoding = 4; lastKnownFileType = sourcecode.c.h; path = MJPhotoProgressView.h; sourceTree = "<group>"; };
		BACF98791907C15F00A4EC95 /* MJPhotoProgressView.m */ = {isa = PBXFileReference; fileEncoding = 4; lastKnownFileType = sourcecode.c.objc; path = MJPhotoProgressView.m; sourceTree = "<group>"; };
		BACF987A1907C15F00A4EC95 /* MJPhotoToolbar.h */ = {isa = PBXFileReference; fileEncoding = 4; lastKnownFileType = sourcecode.c.h; path = MJPhotoToolbar.h; sourceTree = "<group>"; };
		BACF987B1907C15F00A4EC95 /* MJPhotoToolbar.m */ = {isa = PBXFileReference; fileEncoding = 4; lastKnownFileType = sourcecode.c.objc; path = MJPhotoToolbar.m; sourceTree = "<group>"; };
		BACF987C1907C15F00A4EC95 /* MJPhotoView.h */ = {isa = PBXFileReference; fileEncoding = 4; lastKnownFileType = sourcecode.c.h; path = MJPhotoView.h; sourceTree = "<group>"; };
		BACF987D1907C15F00A4EC95 /* MJPhotoView.m */ = {isa = PBXFileReference; fileEncoding = 4; lastKnownFileType = sourcecode.c.objc; path = MJPhotoView.m; sourceTree = "<group>"; };
		BACF98861907C41E00A4EC95 /* MKAnnotationView+WebCache.h */ = {isa = PBXFileReference; fileEncoding = 4; lastKnownFileType = sourcecode.c.h; path = "MKAnnotationView+WebCache.h"; sourceTree = "<group>"; };
		BACF98871907C41E00A4EC95 /* MKAnnotationView+WebCache.m */ = {isa = PBXFileReference; fileEncoding = 4; lastKnownFileType = sourcecode.c.objc; path = "MKAnnotationView+WebCache.m"; sourceTree = "<group>"; };
		BACF98881907C41E00A4EC95 /* NSData+GIF.h */ = {isa = PBXFileReference; fileEncoding = 4; lastKnownFileType = sourcecode.c.h; path = "NSData+GIF.h"; sourceTree = "<group>"; };
		BACF98891907C41E00A4EC95 /* NSData+GIF.m */ = {isa = PBXFileReference; fileEncoding = 4; lastKnownFileType = sourcecode.c.objc; path = "NSData+GIF.m"; sourceTree = "<group>"; };
		BACF988A1907C41E00A4EC95 /* SDImageCache.h */ = {isa = PBXFileReference; fileEncoding = 4; lastKnownFileType = sourcecode.c.h; path = SDImageCache.h; sourceTree = "<group>"; };
		BACF988B1907C41E00A4EC95 /* SDImageCache.m */ = {isa = PBXFileReference; fileEncoding = 4; lastKnownFileType = sourcecode.c.objc; path = SDImageCache.m; sourceTree = "<group>"; };
		BACF988C1907C41E00A4EC95 /* SDWebImageCompat.h */ = {isa = PBXFileReference; fileEncoding = 4; lastKnownFileType = sourcecode.c.h; path = SDWebImageCompat.h; sourceTree = "<group>"; };
		BACF988D1907C41E00A4EC95 /* SDWebImageCompat.m */ = {isa = PBXFileReference; fileEncoding = 4; lastKnownFileType = sourcecode.c.objc; path = SDWebImageCompat.m; sourceTree = "<group>"; };
		BACF988E1907C41E00A4EC95 /* SDWebImageDecoder.h */ = {isa = PBXFileReference; fileEncoding = 4; lastKnownFileType = sourcecode.c.h; path = SDWebImageDecoder.h; sourceTree = "<group>"; };
		BACF988F1907C41E00A4EC95 /* SDWebImageDecoder.m */ = {isa = PBXFileReference; fileEncoding = 4; lastKnownFileType = sourcecode.c.objc; path = SDWebImageDecoder.m; sourceTree = "<group>"; };
		BACF98901907C41E00A4EC95 /* SDWebImageDownloader.h */ = {isa = PBXFileReference; fileEncoding = 4; lastKnownFileType = sourcecode.c.h; path = SDWebImageDownloader.h; sourceTree = "<group>"; };
		BACF98911907C41E00A4EC95 /* SDWebImageDownloader.m */ = {isa = PBXFileReference; fileEncoding = 4; lastKnownFileType = sourcecode.c.objc; path = SDWebImageDownloader.m; sourceTree = "<group>"; };
		BACF98921907C41E00A4EC95 /* SDWebImageDownloaderOperation.h */ = {isa = PBXFileReference; fileEncoding = 4; lastKnownFileType = sourcecode.c.h; path = SDWebImageDownloaderOperation.h; sourceTree = "<group>"; };
		BACF98931907C41E00A4EC95 /* SDWebImageDownloaderOperation.m */ = {isa = PBXFileReference; fileEncoding = 4; lastKnownFileType = sourcecode.c.objc; path = SDWebImageDownloaderOperation.m; sourceTree = "<group>"; };
		BACF98941907C41F00A4EC95 /* SDWebImageManager+MJ.h */ = {isa = PBXFileReference; fileEncoding = 4; lastKnownFileType = sourcecode.c.h; path = "SDWebImageManager+MJ.h"; sourceTree = "<group>"; };
		BACF98951907C41F00A4EC95 /* SDWebImageManager+MJ.m */ = {isa = PBXFileReference; fileEncoding = 4; lastKnownFileType = sourcecode.c.objc; path = "SDWebImageManager+MJ.m"; sourceTree = "<group>"; };
		BACF98961907C41F00A4EC95 /* SDWebImageManager.h */ = {isa = PBXFileReference; fileEncoding = 4; lastKnownFileType = sourcecode.c.h; path = SDWebImageManager.h; sourceTree = "<group>"; };
		BACF98971907C41F00A4EC95 /* SDWebImageManager.m */ = {isa = PBXFileReference; fileEncoding = 4; lastKnownFileType = sourcecode.c.objc; path = SDWebImageManager.m; sourceTree = "<group>"; };
		BACF98981907C41F00A4EC95 /* SDWebImageOperation.h */ = {isa = PBXFileReference; fileEncoding = 4; lastKnownFileType = sourcecode.c.h; path = SDWebImageOperation.h; sourceTree = "<group>"; };
		BACF98991907C41F00A4EC95 /* SDWebImagePrefetcher.h */ = {isa = PBXFileReference; fileEncoding = 4; lastKnownFileType = sourcecode.c.h; path = SDWebImagePrefetcher.h; sourceTree = "<group>"; };
		BACF989A1907C41F00A4EC95 /* SDWebImagePrefetcher.m */ = {isa = PBXFileReference; fileEncoding = 4; lastKnownFileType = sourcecode.c.objc; path = SDWebImagePrefetcher.m; sourceTree = "<group>"; };
		BACF989B1907C41F00A4EC95 /* UIButton+WebCache.h */ = {isa = PBXFileReference; fileEncoding = 4; lastKnownFileType = sourcecode.c.h; path = "UIButton+WebCache.h"; sourceTree = "<group>"; };
		BACF989C1907C41F00A4EC95 /* UIButton+WebCache.m */ = {isa = PBXFileReference; fileEncoding = 4; lastKnownFileType = sourcecode.c.objc; path = "UIButton+WebCache.m"; sourceTree = "<group>"; };
		BACF989D1907C41F00A4EC95 /* UIImage+GIF.h */ = {isa = PBXFileReference; fileEncoding = 4; lastKnownFileType = sourcecode.c.h; path = "UIImage+GIF.h"; sourceTree = "<group>"; };
		BACF989E1907C41F00A4EC95 /* UIImage+GIF.m */ = {isa = PBXFileReference; fileEncoding = 4; lastKnownFileType = sourcecode.c.objc; path = "UIImage+GIF.m"; sourceTree = "<group>"; };
		BACF989F1907C41F00A4EC95 /* UIImage+MultiFormat.h */ = {isa = PBXFileReference; fileEncoding = 4; lastKnownFileType = sourcecode.c.h; path = "UIImage+MultiFormat.h"; sourceTree = "<group>"; };
		BACF98A01907C41F00A4EC95 /* UIImage+MultiFormat.m */ = {isa = PBXFileReference; fileEncoding = 4; lastKnownFileType = sourcecode.c.objc; path = "UIImage+MultiFormat.m"; sourceTree = "<group>"; };
		BACF98A11907C41F00A4EC95 /* UIImage+WebP.h */ = {isa = PBXFileReference; fileEncoding = 4; lastKnownFileType = sourcecode.c.h; path = "UIImage+WebP.h"; sourceTree = "<group>"; };
		BACF98A21907C41F00A4EC95 /* UIImage+WebP.m */ = {isa = PBXFileReference; fileEncoding = 4; lastKnownFileType = sourcecode.c.objc; path = "UIImage+WebP.m"; sourceTree = "<group>"; };
		BACF98A31907C41F00A4EC95 /* UIImageView+MJWebCache.h */ = {isa = PBXFileReference; fileEncoding = 4; lastKnownFileType = sourcecode.c.h; path = "UIImageView+MJWebCache.h"; sourceTree = "<group>"; };
		BACF98A41907C41F00A4EC95 /* UIImageView+MJWebCache.m */ = {isa = PBXFileReference; fileEncoding = 4; lastKnownFileType = sourcecode.c.objc; path = "UIImageView+MJWebCache.m"; sourceTree = "<group>"; };
		BACF98A51907C41F00A4EC95 /* UIImageView+WebCache.h */ = {isa = PBXFileReference; fileEncoding = 4; lastKnownFileType = sourcecode.c.h; path = "UIImageView+WebCache.h"; sourceTree = "<group>"; };
		BACF98A61907C41F00A4EC95 /* UIImageView+WebCache.m */ = {isa = PBXFileReference; fileEncoding = 4; lastKnownFileType = sourcecode.c.objc; path = "UIImageView+WebCache.m"; sourceTree = "<group>"; };
		BACF98B81907C43800A4EC95 /* MBProgressHUD+Add.h */ = {isa = PBXFileReference; fileEncoding = 4; lastKnownFileType = sourcecode.c.h; path = "MBProgressHUD+Add.h"; sourceTree = "<group>"; };
		BACF98B91907C43800A4EC95 /* MBProgressHUD+Add.m */ = {isa = PBXFileReference; fileEncoding = 4; lastKnownFileType = sourcecode.c.objc; path = "MBProgressHUD+Add.m"; sourceTree = "<group>"; };
		BACF98BA1907C43800A4EC95 /* MBProgressHUD.bundle */ = {isa = PBXFileReference; lastKnownFileType = "wrapper.plug-in"; path = MBProgressHUD.bundle; sourceTree = "<group>"; };
		BACF98BB1907C43800A4EC95 /* MBProgressHUD.h */ = {isa = PBXFileReference; fileEncoding = 4; lastKnownFileType = sourcecode.c.h; path = MBProgressHUD.h; sourceTree = "<group>"; };
		BACF98BC1907C43800A4EC95 /* MBProgressHUD.m */ = {isa = PBXFileReference; fileEncoding = 4; lastKnownFileType = sourcecode.c.objc; path = MBProgressHUD.m; sourceTree = "<group>"; };
		BAD7C4DC190A0202002972EB /* ChatData.xcdatamodel */ = {isa = PBXFileReference; lastKnownFileType = wrapper.xcdatamodel; path = ChatData.xcdatamodel; sourceTree = "<group>"; };
		BAD7C4E1190A038E002972EB /* CoreData.framework */ = {isa = PBXFileReference; lastKnownFileType = wrapper.framework; name = CoreData.framework; path = System/Library/Frameworks/CoreData.framework; sourceTree = SDKROOT; };
		BAD7C4E3190A619D002972EB /* ChatData 2.xcdatamodel */ = {isa = PBXFileReference; lastKnownFileType = wrapper.xcdatamodel; path = "ChatData 2.xcdatamodel"; sourceTree = "<group>"; };
		BAE706A2190DF7D800DDDB70 /* Chat.h */ = {isa = PBXFileReference; fileEncoding = 4; lastKnownFileType = sourcecode.c.h; path = Chat.h; sourceTree = "<group>"; };
		BAE706A3190DF7D800DDDB70 /* Chat.m */ = {isa = PBXFileReference; fileEncoding = 4; lastKnownFileType = sourcecode.c.objc; path = Chat.m; sourceTree = "<group>"; };
/* End PBXFileReference section */

/* Begin PBXFrameworksBuildPhase section */
		BA8CDBB019066EBB00F10616 /* Frameworks */ = {
			isa = PBXFrameworksBuildPhase;
			buildActionMask = 2147483647;
			files = (
				BAD7C4E2190A038E002972EB /* CoreData.framework in Frameworks */,
				BA0CF9281908CF630060D7F7 /* AVFoundation.framework in Frameworks */,
				BA8CDBB919066EBB00F10616 /* CoreGraphics.framework in Frameworks */,
				BA8CDBBB19066EBB00F10616 /* UIKit.framework in Frameworks */,
				BA0CF9441908D0700060D7F7 /* libopencore-amrnb.a in Frameworks */,
				BA0CF9451908D0700060D7F7 /* libopencore-amrwb.a in Frameworks */,
				BA8CDBB719066EBB00F10616 /* Foundation.framework in Frameworks */,
			);
			runOnlyForDeploymentPostprocessing = 0;
		};
		BA8CDBCB19066EBC00F10616 /* Frameworks */ = {
			isa = PBXFrameworksBuildPhase;
			buildActionMask = 2147483647;
			files = (
				BA8CDBD019066EBC00F10616 /* XCTest.framework in Frameworks */,
				BA8CDBD219066EBC00F10616 /* UIKit.framework in Frameworks */,
				BA8CDBD119066EBC00F10616 /* Foundation.framework in Frameworks */,
			);
			runOnlyForDeploymentPostprocessing = 0;
		};
/* End PBXFrameworksBuildPhase section */

/* Begin PBXGroup section */
		BA0CF9291908D04F0060D7F7 /* Voice */ = {
			isa = PBXGroup;
			children = (
				BA0CF92A1908D0700060D7F7 /* VoiceConvert */,
				BA0CF93B1908D0700060D7F7 /* VoiceRecorderVC */,
			);
			name = Voice;
			sourceTree = "<group>";
		};
		BA0CF92A1908D0700060D7F7 /* VoiceConvert */ = {
			isa = PBXGroup;
			children = (
				BA0CF92B1908D0700060D7F7 /* amrwapper */,
				BA0CF9301908D0700060D7F7 /* lib */,
				BA0CF9331908D0700060D7F7 /* opencore-amrnb */,
				BA0CF9361908D0700060D7F7 /* opencore-amrwb */,
				BA0CF9391908D0700060D7F7 /* VoiceConverter.h */,
				BA0CF93A1908D0700060D7F7 /* VoiceConverter.mm */,
			);
			path = VoiceConvert;
			sourceTree = "<group>";
		};
		BA0CF92B1908D0700060D7F7 /* amrwapper */ = {
			isa = PBXGroup;
			children = (
				BA0CF92C1908D0700060D7F7 /* amrFileCodec.h */,
				BA0CF92D1908D0700060D7F7 /* amrFileCodec.mm */,
				BA0CF92E1908D0700060D7F7 /* wav.h */,
				BA0CF92F1908D0700060D7F7 /* wav.mm */,
			);
			path = amrwapper;
			sourceTree = "<group>";
		};
		BA0CF9301908D0700060D7F7 /* lib */ = {
			isa = PBXGroup;
			children = (
				BA0CF9311908D0700060D7F7 /* libopencore-amrnb.a */,
				BA0CF9321908D0700060D7F7 /* libopencore-amrwb.a */,
			);
			path = lib;
			sourceTree = "<group>";
		};
		BA0CF9331908D0700060D7F7 /* opencore-amrnb */ = {
			isa = PBXGroup;
			children = (
				BA0CF9341908D0700060D7F7 /* interf_dec.h */,
				BA0CF9351908D0700060D7F7 /* interf_enc.h */,
			);
			path = "opencore-amrnb";
			sourceTree = "<group>";
		};
		BA0CF9361908D0700060D7F7 /* opencore-amrwb */ = {
			isa = PBXGroup;
			children = (
				BA0CF9371908D0700060D7F7 /* dec_if.h */,
				BA0CF9381908D0700060D7F7 /* if_rom.h */,
			);
			path = "opencore-amrwb";
			sourceTree = "<group>";
		};
		BA0CF93B1908D0700060D7F7 /* VoiceRecorderVC */ = {
			isa = PBXGroup;
			children = (
				BA0CF93C1908D0700060D7F7 /* ChatVoiceRecorderVC */,
				BA0CF9401908D0700060D7F7 /* VoiceRecorderBaseVC.h */,
				BA0CF9411908D0700060D7F7 /* VoiceRecorderBaseVC.m */,
			);
			path = VoiceRecorderVC;
			sourceTree = "<group>";
		};
		BA0CF93C1908D0700060D7F7 /* ChatVoiceRecorderVC */ = {
			isa = PBXGroup;
			children = (
				BA0CF93D1908D0700060D7F7 /* ChatRecorderView */,
				BA0CF93E1908D0700060D7F7 /* ChatVoiceRecorderVC.h */,
				BA0CF93F1908D0700060D7F7 /* ChatVoiceRecorderVC.m */,
			);
			path = ChatVoiceRecorderVC;
			sourceTree = "<group>";
		};
		BA0CF93D1908D0700060D7F7 /* ChatRecorderView */ = {
			isa = PBXGroup;
			children = (
			);
			path = ChatRecorderView;
			sourceTree = "<group>";
		};
		BA8CDBAA19066EBB00F10616 = {
			isa = PBXGroup;
			children = (
				BA8CDBBC19066EBB00F10616 /* mesageTableView */,
				BA8CDBD519066EBC00F10616 /* mesageTableViewTests */,
				BA8CDBB519066EBB00F10616 /* Frameworks */,
				BA8CDBB419066EBB00F10616 /* Products */,
			);
			sourceTree = "<group>";
		};
		BA8CDBB419066EBB00F10616 /* Products */ = {
			isa = PBXGroup;
			children = (
				BA8CDBB319066EBB00F10616 /* mesageTableView.app */,
				BA8CDBCE19066EBC00F10616 /* mesageTableViewTests.xctest */,
			);
			name = Products;
			sourceTree = "<group>";
		};
		BA8CDBB519066EBB00F10616 /* Frameworks */ = {
			isa = PBXGroup;
			children = (
				BAD7C4E1190A038E002972EB /* CoreData.framework */,
				BA0CF9271908CF630060D7F7 /* AVFoundation.framework */,
				BA8CDBB619066EBB00F10616 /* Foundation.framework */,
				BA8CDBB819066EBB00F10616 /* CoreGraphics.framework */,
				BA8CDBBA19066EBB00F10616 /* UIKit.framework */,
				BA8CDBCF19066EBC00F10616 /* XCTest.framework */,
			);
			name = Frameworks;
			sourceTree = "<group>";
		};
		BA8CDBBC19066EBB00F10616 /* mesageTableView */ = {
			isa = PBXGroup;
			children = (
				BA8CDBC519066EBB00F10616 /* AppDelegate.h */,
				BA8CDBC619066EBB00F10616 /* AppDelegate.m */,
				BA8CDBE519066ED400F10616 /* chatViewController.h */,
				BA8CDBE619066ED400F10616 /* chatViewController.m */,
				BA8CDBE719066ED400F10616 /* chatViewController.xib */,
				BA8CDBEA1906700000F10616 /* MessageTableViewCell.h */,
				BA8CDBEB1906700000F10616 /* MessageTableViewCell.m */,
				BA8CDBEC1906700000F10616 /* MessageTableViewCell.xib */,
				BACF986D1907B0DE00A4EC95 /* Message.h */,
				BACF986E1907B0DE00A4EC95 /* Message.m */,
				BAE706A2190DF7D800DDDB70 /* Chat.h */,
				BAE706A3190DF7D800DDDB70 /* Chat.m */,
				BAD7C4DB190A0202002972EB /* ChatData.xcdatamodeld */,
				BA8CDBC819066EBB00F10616 /* Images.xcassets */,
				BA8CDBBD19066EBB00F10616 /* Supporting Files */,
			);
			path = mesageTableView;
			sourceTree = "<group>";
		};
		BA8CDBBD19066EBB00F10616 /* Supporting Files */ = {
			isa = PBXGroup;
			children = (
				BA0CF9291908D04F0060D7F7 /* Voice */,
				BACF98B71907C43800A4EC95 /* MBProgressHUD */,
				BACF98851907C41E00A4EC95 /* SDWebImage */,
				BACF98701907C15F00A4EC95 /* MJPhotoBrowser */,
				BA8CDBEF190670C300F10616 /* QQ */,
				BA8CDBBE19066EBB00F10616 /* mesageTableView-Info.plist */,
				BA8CDBBF19066EBB00F10616 /* InfoPlist.strings */,
				BA8CDBC219066EBB00F10616 /* main.m */,
				BA8CDBC419066EBB00F10616 /* mesageTableView-Prefix.pch */,
			);
			name = "Supporting Files";
			sourceTree = "<group>";
		};
		BA8CDBD519066EBC00F10616 /* mesageTableViewTests */ = {
			isa = PBXGroup;
			children = (
				BA8CDBDB19066EBC00F10616 /* mesageTableViewTests.m */,
				BA8CDBD619066EBC00F10616 /* Supporting Files */,
			);
			path = mesageTableViewTests;
			sourceTree = "<group>";
		};
		BA8CDBD619066EBC00F10616 /* Supporting Files */ = {
			isa = PBXGroup;
			children = (
				BA8CDBD719066EBC00F10616 /* mesageTableViewTests-Info.plist */,
				BA8CDBD819066EBC00F10616 /* InfoPlist.strings */,
			);
			name = "Supporting Files";
			sourceTree = "<group>";
		};
		BA8CDBEF190670C300F10616 /* QQ */ = {
			isa = PBXGroup;
			children = (
				BA982D341907506D00A8AFBB /* man.jpg */,
				BA8CDBF0190670C300F10616 /* chat_bg_default.jpg */,
				BA8CDBF1190670C300F10616 /* chat_bottom_keyboard_nor.png */,
				BA8CDBF2190670C300F10616 /* chat_bottom_keyboard_press.png */,
				BA8CDBF3190670C300F10616 /* chat_bottom_smile_nor.png */,
				BA8CDBF4190670C300F10616 /* chat_bottom_smile_press.png */,
				BA8CDBF5190670C300F10616 /* chat_bottom_textfield.png */,
				BA8CDBF6190670C300F10616 /* chat_bottom_up_nor.png */,
				BA8CDBF7190670C400F10616 /* chat_bottom_up_press.png */,
				BA8CDBF8190670C400F10616 /* chat_bottom_voice_nor.png */,
				BA8CDBF9190670C400F10616 /* chat_bottom_voice_press.png */,
				BA8CDBFA190670C400F10616 /* chat_timeline_bg.png */,
				BA8CDBFB190670C400F10616 /* chatfrom_bg_focused.png */,
				BA8CDBFC190670C400F10616 /* chatfrom_bg_normal.png */,
				BA8CDBFD190670C400F10616 /* chatto_bg_focused.png */,
				BA8CDBFE190670C400F10616 /* chatto_bg_normal.png */,
				BA8CDC00190670C400F10616 /* icon02.png */,
				BA8CDC01190670C400F10616 /* messages.plist */,
				BA8CDC02190670C400F10616 /* QQ */,
				BA8CDC03190670C400F10616 /* toolbar_bottom_bar.png */,
			);
			path = QQ;
			sourceTree = "<group>";
		};
		BA8CDC02190670C400F10616 /* QQ */ = {
			isa = PBXGroup;
			children = (
			);
			path = QQ;
			sourceTree = "<group>";
		};
		BACF98701907C15F00A4EC95 /* MJPhotoBrowser */ = {
			isa = PBXGroup;
			children = (
				BACF98711907C15F00A4EC95 /* MJPhoto.h */,
				BACF98721907C15F00A4EC95 /* MJPhoto.m */,
				BACF98731907C15F00A4EC95 /* MJPhotoBrowser.bundle */,
				BACF98741907C15F00A4EC95 /* MJPhotoBrowser.h */,
				BACF98751907C15F00A4EC95 /* MJPhotoBrowser.m */,
				BACF98761907C15F00A4EC95 /* MJPhotoLoadingView.h */,
				BACF98771907C15F00A4EC95 /* MJPhotoLoadingView.m */,
				BACF98781907C15F00A4EC95 /* MJPhotoProgressView.h */,
				BACF98791907C15F00A4EC95 /* MJPhotoProgressView.m */,
				BACF987A1907C15F00A4EC95 /* MJPhotoToolbar.h */,
				BACF987B1907C15F00A4EC95 /* MJPhotoToolbar.m */,
				BACF987C1907C15F00A4EC95 /* MJPhotoView.h */,
				BACF987D1907C15F00A4EC95 /* MJPhotoView.m */,
			);
			path = MJPhotoBrowser;
			sourceTree = "<group>";
		};
		BACF98851907C41E00A4EC95 /* SDWebImage */ = {
			isa = PBXGroup;
			children = (
				BACF98861907C41E00A4EC95 /* MKAnnotationView+WebCache.h */,
				BACF98871907C41E00A4EC95 /* MKAnnotationView+WebCache.m */,
				BACF98881907C41E00A4EC95 /* NSData+GIF.h */,
				BACF98891907C41E00A4EC95 /* NSData+GIF.m */,
				BACF988A1907C41E00A4EC95 /* SDImageCache.h */,
				BACF988B1907C41E00A4EC95 /* SDImageCache.m */,
				BACF988C1907C41E00A4EC95 /* SDWebImageCompat.h */,
				BACF988D1907C41E00A4EC95 /* SDWebImageCompat.m */,
				BACF988E1907C41E00A4EC95 /* SDWebImageDecoder.h */,
				BACF988F1907C41E00A4EC95 /* SDWebImageDecoder.m */,
				BACF98901907C41E00A4EC95 /* SDWebImageDownloader.h */,
				BACF98911907C41E00A4EC95 /* SDWebImageDownloader.m */,
				BACF98921907C41E00A4EC95 /* SDWebImageDownloaderOperation.h */,
				BACF98931907C41E00A4EC95 /* SDWebImageDownloaderOperation.m */,
				BACF98941907C41F00A4EC95 /* SDWebImageManager+MJ.h */,
				BACF98951907C41F00A4EC95 /* SDWebImageManager+MJ.m */,
				BACF98961907C41F00A4EC95 /* SDWebImageManager.h */,
				BACF98971907C41F00A4EC95 /* SDWebImageManager.m */,
				BACF98981907C41F00A4EC95 /* SDWebImageOperation.h */,
				BACF98991907C41F00A4EC95 /* SDWebImagePrefetcher.h */,
				BACF989A1907C41F00A4EC95 /* SDWebImagePrefetcher.m */,
				BACF989B1907C41F00A4EC95 /* UIButton+WebCache.h */,
				BACF989C1907C41F00A4EC95 /* UIButton+WebCache.m */,
				BACF989D1907C41F00A4EC95 /* UIImage+GIF.h */,
				BACF989E1907C41F00A4EC95 /* UIImage+GIF.m */,
				BACF989F1907C41F00A4EC95 /* UIImage+MultiFormat.h */,
				BACF98A01907C41F00A4EC95 /* UIImage+MultiFormat.m */,
				BACF98A11907C41F00A4EC95 /* UIImage+WebP.h */,
				BACF98A21907C41F00A4EC95 /* UIImage+WebP.m */,
				BACF98A31907C41F00A4EC95 /* UIImageView+MJWebCache.h */,
				BACF98A41907C41F00A4EC95 /* UIImageView+MJWebCache.m */,
				BACF98A51907C41F00A4EC95 /* UIImageView+WebCache.h */,
				BACF98A61907C41F00A4EC95 /* UIImageView+WebCache.m */,
			);
			path = SDWebImage;
			sourceTree = "<group>";
		};
		BACF98B71907C43800A4EC95 /* MBProgressHUD */ = {
			isa = PBXGroup;
			children = (
				BACF98B81907C43800A4EC95 /* MBProgressHUD+Add.h */,
				BACF98B91907C43800A4EC95 /* MBProgressHUD+Add.m */,
				BACF98BA1907C43800A4EC95 /* MBProgressHUD.bundle */,
				BACF98BB1907C43800A4EC95 /* MBProgressHUD.h */,
				BACF98BC1907C43800A4EC95 /* MBProgressHUD.m */,
			);
			path = MBProgressHUD;
			sourceTree = "<group>";
		};
/* End PBXGroup section */

/* Begin PBXNativeTarget section */
		BA8CDBB219066EBB00F10616 /* mesageTableView */ = {
			isa = PBXNativeTarget;
			buildConfigurationList = BA8CDBDF19066EBC00F10616 /* Build configuration list for PBXNativeTarget "mesageTableView" */;
			buildPhases = (
				BA8CDBAF19066EBB00F10616 /* Sources */,
				BA8CDBB019066EBB00F10616 /* Frameworks */,
				BA8CDBB119066EBB00F10616 /* Resources */,
			);
			buildRules = (
			);
			dependencies = (
			);
			name = mesageTableView;
			productName = mesageTableView;
			productReference = BA8CDBB319066EBB00F10616 /* mesageTableView.app */;
			productType = "com.apple.product-type.application";
		};
		BA8CDBCD19066EBC00F10616 /* mesageTableViewTests */ = {
			isa = PBXNativeTarget;
			buildConfigurationList = BA8CDBE219066EBC00F10616 /* Build configuration list for PBXNativeTarget "mesageTableViewTests" */;
			buildPhases = (
				BA8CDBCA19066EBC00F10616 /* Sources */,
				BA8CDBCB19066EBC00F10616 /* Frameworks */,
				BA8CDBCC19066EBC00F10616 /* Resources */,
			);
			buildRules = (
			);
			dependencies = (
				BA8CDBD419066EBC00F10616 /* PBXTargetDependency */,
			);
			name = mesageTableViewTests;
			productName = mesageTableViewTests;
			productReference = BA8CDBCE19066EBC00F10616 /* mesageTableViewTests.xctest */;
			productType = "com.apple.product-type.bundle.unit-test";
		};
/* End PBXNativeTarget section */

/* Begin PBXProject section */
		BA8CDBAB19066EBB00F10616 /* Project object */ = {
			isa = PBXProject;
			attributes = {
				LastUpgradeCheck = 0510;
				ORGANIZATIONNAME = "李言";
				TargetAttributes = {
					BA8CDBB219066EBB00F10616 = {
						DevelopmentTeam = 6E2M3FNC5V;
					};
					BA8CDBCD19066EBC00F10616 = {
						TestTargetID = BA8CDBB219066EBB00F10616;
					};
				};
			};
			buildConfigurationList = BA8CDBAE19066EBB00F10616 /* Build configuration list for PBXProject "mesageTableView" */;
			compatibilityVersion = "Xcode 3.2";
			developmentRegion = English;
			hasScannedForEncodings = 0;
			knownRegions = (
				en,
			);
			mainGroup = BA8CDBAA19066EBB00F10616;
			productRefGroup = BA8CDBB419066EBB00F10616 /* Products */;
			projectDirPath = "";
			projectRoot = "";
			targets = (
				BA8CDBB219066EBB00F10616 /* mesageTableView */,
				BA8CDBCD19066EBC00F10616 /* mesageTableViewTests */,
			);
		};
/* End PBXProject section */

/* Begin PBXResourcesBuildPhase section */
		BA8CDBB119066EBB00F10616 /* Resources */ = {
			isa = PBXResourcesBuildPhase;
			buildActionMask = 2147483647;
			files = (
				BA8CDC09190670C400F10616 /* chat_bottom_textfield.png in Resources */,
				BA8CDC12190670C400F10616 /* chatto_bg_normal.png in Resources */,
				BA8CDC15190670C400F10616 /* messages.plist in Resources */,
				BA8CDC11190670C400F10616 /* chatto_bg_focused.png in Resources */,
				BA8CDBC119066EBB00F10616 /* InfoPlist.strings in Resources */,
				BA8CDC05190670C400F10616 /* chat_bottom_keyboard_nor.png in Resources */,
				BA8CDC10190670C400F10616 /* chatfrom_bg_normal.png in Resources */,
				BA8CDC0B190670C400F10616 /* chat_bottom_up_press.png in Resources */,
				BA8CDC06190670C400F10616 /* chat_bottom_keyboard_press.png in Resources */,
				BA8CDBEE1906700000F10616 /* MessageTableViewCell.xib in Resources */,
				BA8CDC0A190670C400F10616 /* chat_bottom_up_nor.png in Resources */,
				BA8CDC14190670C400F10616 /* icon02.png in Resources */,
				BA8CDC16190670C400F10616 /* toolbar_bottom_bar.png in Resources */,
				BA982D351907506D00A8AFBB /* man.jpg in Resources */,
				BA8CDC04190670C400F10616 /* chat_bg_default.jpg in Resources */,
				BA8CDC0E190670C400F10616 /* chat_timeline_bg.png in Resources */,
				BA8CDBC919066EBB00F10616 /* Images.xcassets in Resources */,
				BACF98BE1907C43800A4EC95 /* MBProgressHUD.bundle in Resources */,
				BA8CDC08190670C400F10616 /* chat_bottom_smile_press.png in Resources */,
				BACF987F1907C15F00A4EC95 /* MJPhotoBrowser.bundle in Resources */,
				BA8CDBE919066ED400F10616 /* chatViewController.xib in Resources */,
				BA8CDC0D190670C400F10616 /* chat_bottom_voice_press.png in Resources */,
				BA8CDC0C190670C400F10616 /* chat_bottom_voice_nor.png in Resources */,
				BA8CDC0F190670C400F10616 /* chatfrom_bg_focused.png in Resources */,
				BA8CDC07190670C400F10616 /* chat_bottom_smile_nor.png in Resources */,
			);
			runOnlyForDeploymentPostprocessing = 0;
		};
		BA8CDBCC19066EBC00F10616 /* Resources */ = {
			isa = PBXResourcesBuildPhase;
			buildActionMask = 2147483647;
			files = (
				BA8CDBDA19066EBC00F10616 /* InfoPlist.strings in Resources */,
			);
			runOnlyForDeploymentPostprocessing = 0;
		};
/* End PBXResourcesBuildPhase section */

/* Begin PBXSourcesBuildPhase section */
		BA8CDBAF19066EBB00F10616 /* Sources */ = {
			isa = PBXSourcesBuildPhase;
			buildActionMask = 2147483647;
			files = (
				BACF98801907C15F00A4EC95 /* MJPhotoBrowser.m in Sources */,
				BACF98841907C15F00A4EC95 /* MJPhotoView.m in Sources */,
				BACF98B41907C41F00A4EC95 /* UIImage+WebP.m in Sources */,
				BACF98811907C15F00A4EC95 /* MJPhotoLoadingView.m in Sources */,
				BACF98B11907C41F00A4EC95 /* UIButton+WebCache.m in Sources */,
				BACF98AE1907C41F00A4EC95 /* SDWebImageManager+MJ.m in Sources */,
				BACF986F1907B0DE00A4EC95 /* Message.m in Sources */,
				BA0CF9461908D0700060D7F7 /* VoiceConverter.mm in Sources */,
				BAD7C4DD190A0202002972EB /* ChatData.xcdatamodeld in Sources */,
				BACF98821907C15F00A4EC95 /* MJPhotoProgressView.m in Sources */,
				BACF98BF1907C43800A4EC95 /* MBProgressHUD.m in Sources */,
				BA0CF9421908D0700060D7F7 /* amrFileCodec.mm in Sources */,
				BACF98A71907C41F00A4EC95 /* MKAnnotationView+WebCache.m in Sources */,
				BAE706A4190DF7D800DDDB70 /* Chat.m in Sources */,
				BACF98AD1907C41F00A4EC95 /* SDWebImageDownloaderOperation.m in Sources */,
				BACF987E1907C15F00A4EC95 /* MJPhoto.m in Sources */,
				BACF98B51907C41F00A4EC95 /* UIImageView+MJWebCache.m in Sources */,
				BACF98AA1907C41F00A4EC95 /* SDWebImageCompat.m in Sources */,
				BA8CDBC719066EBB00F10616 /* AppDelegate.m in Sources */,
				BA8CDBED1906700000F10616 /* MessageTableViewCell.m in Sources */,
				BA0CF9481908D0700060D7F7 /* VoiceRecorderBaseVC.m in Sources */,
				BACF98BD1907C43800A4EC95 /* MBProgressHUD+Add.m in Sources */,
				BACF98A81907C41F00A4EC95 /* NSData+GIF.m in Sources */,
				BACF98831907C15F00A4EC95 /* MJPhotoToolbar.m in Sources */,
				BACF98B21907C41F00A4EC95 /* UIImage+GIF.m in Sources */,
				BACF98B31907C41F00A4EC95 /* UIImage+MultiFormat.m in Sources */,
				BACF98AC1907C41F00A4EC95 /* SDWebImageDownloader.m in Sources */,
				BA0CF9471908D0700060D7F7 /* ChatVoiceRecorderVC.m in Sources */,
				BACF98B01907C41F00A4EC95 /* SDWebImagePrefetcher.m in Sources */,
				BACF98AB1907C41F00A4EC95 /* SDWebImageDecoder.m in Sources */,
				BA8CDBC319066EBB00F10616 /* main.m in Sources */,
				BACF98B61907C41F00A4EC95 /* UIImageView+WebCache.m in Sources */,
				BACF98AF1907C41F00A4EC95 /* SDWebImageManager.m in Sources */,
				BA8CDBE819066ED400F10616 /* chatViewController.m in Sources */,
				BA0CF9431908D0700060D7F7 /* wav.mm in Sources */,
				BACF98A91907C41F00A4EC95 /* SDImageCache.m in Sources */,
			);
			runOnlyForDeploymentPostprocessing = 0;
		};
		BA8CDBCA19066EBC00F10616 /* Sources */ = {
			isa = PBXSourcesBuildPhase;
			buildActionMask = 2147483647;
			files = (
				BA8CDBDC19066EBC00F10616 /* mesageTableViewTests.m in Sources */,
			);
			runOnlyForDeploymentPostprocessing = 0;
		};
/* End PBXSourcesBuildPhase section */

/* Begin PBXTargetDependency section */
		BA8CDBD419066EBC00F10616 /* PBXTargetDependency */ = {
			isa = PBXTargetDependency;
			target = BA8CDBB219066EBB00F10616 /* mesageTableView */;
			targetProxy = BA8CDBD319066EBC00F10616 /* PBXContainerItemProxy */;
		};
/* End PBXTargetDependency section */

/* Begin PBXVariantGroup section */
		BA8CDBBF19066EBB00F10616 /* InfoPlist.strings */ = {
			isa = PBXVariantGroup;
			children = (
				BA8CDBC019066EBB00F10616 /* en */,
			);
			name = InfoPlist.strings;
			sourceTree = "<group>";
		};
		BA8CDBD819066EBC00F10616 /* InfoPlist.strings */ = {
			isa = PBXVariantGroup;
			children = (
				BA8CDBD919066EBC00F10616 /* en */,
			);
			name = InfoPlist.strings;
			sourceTree = "<group>";
		};
/* End PBXVariantGroup section */

/* Begin XCBuildConfiguration section */
		BA8CDBDD19066EBC00F10616 /* Debug */ = {
			isa = XCBuildConfiguration;
			buildSettings = {
				ALWAYS_SEARCH_USER_PATHS = NO;
				CLANG_CXX_LANGUAGE_STANDARD = "gnu++0x";
				CLANG_CXX_LIBRARY = "libc++";
				CLANG_ENABLE_MODULES = YES;
				CLANG_ENABLE_OBJC_ARC = YES;
				CLANG_WARN_BOOL_CONVERSION = YES;
				CLANG_WARN_CONSTANT_CONVERSION = YES;
				CLANG_WARN_DIRECT_OBJC_ISA_USAGE = YES_ERROR;
				CLANG_WARN_EMPTY_BODY = YES;
				CLANG_WARN_ENUM_CONVERSION = YES;
				CLANG_WARN_INT_CONVERSION = YES;
				CLANG_WARN_OBJC_ROOT_CLASS = YES_ERROR;
				CLANG_WARN__DUPLICATE_METHOD_MATCH = YES;
				"CODE_SIGN_IDENTITY[sdk=iphoneos*]" = "iPhone Developer";
				COPY_PHASE_STRIP = NO;
				GCC_C_LANGUAGE_STANDARD = gnu99;
				GCC_DYNAMIC_NO_PIC = NO;
				GCC_OPTIMIZATION_LEVEL = 0;
				GCC_PREPROCESSOR_DEFINITIONS = (
					"DEBUG=1",
					"$(inherited)",
				);
				GCC_SYMBOLS_PRIVATE_EXTERN = NO;
				GCC_WARN_64_TO_32_BIT_CONVERSION = YES;
				GCC_WARN_ABOUT_RETURN_TYPE = YES_ERROR;
				GCC_WARN_UNDECLARED_SELECTOR = YES;
				GCC_WARN_UNINITIALIZED_AUTOS = YES_AGGRESSIVE;
				GCC_WARN_UNUSED_FUNCTION = YES;
				GCC_WARN_UNUSED_VARIABLE = YES;
				IPHONEOS_DEPLOYMENT_TARGET = 7.1;
				ONLY_ACTIVE_ARCH = YES;
				SDKROOT = iphoneos;
			};
			name = Debug;
		};
		BA8CDBDE19066EBC00F10616 /* Release */ = {
			isa = XCBuildConfiguration;
			buildSettings = {
				ALWAYS_SEARCH_USER_PATHS = NO;
				CLANG_CXX_LANGUAGE_STANDARD = "gnu++0x";
				CLANG_CXX_LIBRARY = "libc++";
				CLANG_ENABLE_MODULES = YES;
				CLANG_ENABLE_OBJC_ARC = YES;
				CLANG_WARN_BOOL_CONVERSION = YES;
				CLANG_WARN_CONSTANT_CONVERSION = YES;
				CLANG_WARN_DIRECT_OBJC_ISA_USAGE = YES_ERROR;
				CLANG_WARN_EMPTY_BODY = YES;
				CLANG_WARN_ENUM_CONVERSION = YES;
				CLANG_WARN_INT_CONVERSION = YES;
				CLANG_WARN_OBJC_ROOT_CLASS = YES_ERROR;
				CLANG_WARN__DUPLICATE_METHOD_MATCH = YES;
				"CODE_SIGN_IDENTITY[sdk=iphoneos*]" = "iPhone Developer";
				COPY_PHASE_STRIP = YES;
				ENABLE_NS_ASSERTIONS = NO;
				GCC_C_LANGUAGE_STANDARD = gnu99;
				GCC_WARN_64_TO_32_BIT_CONVERSION = YES;
				GCC_WARN_ABOUT_RETURN_TYPE = YES_ERROR;
				GCC_WARN_UNDECLARED_SELECTOR = YES;
				GCC_WARN_UNINITIALIZED_AUTOS = YES_AGGRESSIVE;
				GCC_WARN_UNUSED_FUNCTION = YES;
				GCC_WARN_UNUSED_VARIABLE = YES;
				IPHONEOS_DEPLOYMENT_TARGET = 7.1;
				SDKROOT = iphoneos;
				VALIDATE_PRODUCT = YES;
			};
			name = Release;
		};
		BA8CDBE019066EBC00F10616 /* Debug */ = {
			isa = XCBuildConfiguration;
			buildSettings = {
				ASSETCATALOG_COMPILER_APPICON_NAME = AppIcon;
				ASSETCATALOG_COMPILER_LAUNCHIMAGE_NAME = LaunchImage;
				CODE_SIGN_IDENTITY = "iPhone Developer";
				"CODE_SIGN_IDENTITY[sdk=iphoneos*]" = "iPhone Developer";
				GCC_PRECOMPILE_PREFIX_HEADER = YES;
				GCC_PREFIX_HEADER = "mesageTableView/mesageTableView-Prefix.pch";
				INFOPLIST_FILE = "mesageTableView/mesageTableView-Info.plist";
				LIBRARY_SEARCH_PATHS = (
					"$(inherited)",
					"$(PROJECT_DIR)/mesageTableView/VoiceConvert/lib",
				);
				ONLY_ACTIVE_ARCH = NO;
				PRODUCT_NAME = "$(TARGET_NAME)";
				PROVISIONING_PROFILE = "";
				VALID_ARCHS = "armv7 armv7s";
				WRAPPER_EXTENSION = app;
			};
			name = Debug;
		};
		BA8CDBE119066EBC00F10616 /* Release */ = {
			isa = XCBuildConfiguration;
			buildSettings = {
				ASSETCATALOG_COMPILER_APPICON_NAME = AppIcon;
				ASSETCATALOG_COMPILER_LAUNCHIMAGE_NAME = LaunchImage;
				CODE_SIGN_IDENTITY = "iPhone Developer";
				"CODE_SIGN_IDENTITY[sdk=iphoneos*]" = "iPhone Developer";
				GCC_PRECOMPILE_PREFIX_HEADER = YES;
				GCC_PREFIX_HEADER = "mesageTableView/mesageTableView-Prefix.pch";
				INFOPLIST_FILE = "mesageTableView/mesageTableView-Info.plist";
				LIBRARY_SEARCH_PATHS = (
					"$(inherited)",
					"$(PROJECT_DIR)/mesageTableView/VoiceConvert/lib",
				);
				PRODUCT_NAME = "$(TARGET_NAME)";
				PROVISIONING_PROFILE = "";
				VALID_ARCHS = "armv7 armv7s";
				WRAPPER_EXTENSION = app;
			};
			name = Release;
		};
		BA8CDBE319066EBC00F10616 /* Debug */ = {
			isa = XCBuildConfiguration;
			buildSettings = {
				BUNDLE_LOADER = "$(BUILT_PRODUCTS_DIR)/mesageTableView.app/mesageTableView";
				FRAMEWORK_SEARCH_PATHS = (
					"$(SDKROOT)/Developer/Library/Frameworks",
					"$(inherited)",
					"$(DEVELOPER_FRAMEWORKS_DIR)",
				);
				GCC_PRECOMPILE_PREFIX_HEADER = YES;
				GCC_PREFIX_HEADER = "mesageTableView/mesageTableView-Prefix.pch";
				GCC_PREPROCESSOR_DEFINITIONS = (
					"DEBUG=1",
					"$(inherited)",
				);
				INFOPLIST_FILE = "mesageTableViewTests/mesageTableViewTests-Info.plist";
				PRODUCT_NAME = "$(TARGET_NAME)";
				TEST_HOST = "$(BUNDLE_LOADER)";
				WRAPPER_EXTENSION = xctest;
			};
			name = Debug;
		};
		BA8CDBE419066EBC00F10616 /* Release */ = {
			isa = XCBuildConfiguration;
			buildSettings = {
				BUNDLE_LOADER = "$(BUILT_PRODUCTS_DIR)/mesageTableView.app/mesageTableView";
				FRAMEWORK_SEARCH_PATHS = (
					"$(SDKROOT)/Developer/Library/Frameworks",
					"$(inherited)",
					"$(DEVELOPER_FRAMEWORKS_DIR)",
				);
				GCC_PRECOMPILE_PREFIX_HEADER = YES;
				GCC_PREFIX_HEADER = "mesageTableView/mesageTableView-Prefix.pch";
				INFOPLIST_FILE = "mesageTableViewTests/mesageTableViewTests-Info.plist";
				PRODUCT_NAME = "$(TARGET_NAME)";
				TEST_HOST = "$(BUNDLE_LOADER)";
				WRAPPER_EXTENSION = xctest;
			};
			name = Release;
		};
/* End XCBuildConfiguration section */

/* Begin XCConfigurationList section */
		BA8CDBAE19066EBB00F10616 /* Build configuration list for PBXProject "mesageTableView" */ = {
			isa = XCConfigurationList;
			buildConfigurations = (
				BA8CDBDD19066EBC00F10616 /* Debug */,
				BA8CDBDE19066EBC00F10616 /* Release */,
			);
			defaultConfigurationIsVisible = 0;
			defaultConfigurationName = Release;
		};
		BA8CDBDF19066EBC00F10616 /* Build configuration list for PBXNativeTarget "mesageTableView" */ = {
			isa = XCConfigurationList;
			buildConfigurations = (
				BA8CDBE019066EBC00F10616 /* Debug */,
				BA8CDBE119066EBC00F10616 /* Release */,
			);
			defaultConfigurationIsVisible = 0;
			defaultConfigurationName = Release;
		};
		BA8CDBE219066EBC00F10616 /* Build configuration list for PBXNativeTarget "mesageTableViewTests" */ = {
			isa = XCConfigurationList;
			buildConfigurations = (
				BA8CDBE319066EBC00F10616 /* Debug */,
				BA8CDBE419066EBC00F10616 /* Release */,
			);
			defaultConfigurationIsVisible = 0;
			defaultConfigurationName = Release;
		};
/* End XCConfigurationList section */

/* Begin XCVersionGroup section */
		BAD7C4DB190A0202002972EB /* ChatData.xcdatamodeld */ = {
			isa = XCVersionGroup;
			children = (
				BAD7C4E3190A619D002972EB /* ChatData 2.xcdatamodel */,
				BAD7C4DC190A0202002972EB /* ChatData.xcdatamodel */,
			);
			currentVersion = BAD7C4E3190A619D002972EB /* ChatData 2.xcdatamodel */;
			path = ChatData.xcdatamodeld;
			sourceTree = "<group>";
			versionGroupType = wrapper.xcdatamodel;
		};
/* End XCVersionGroup section */
	};
	rootObject = BA8CDBAB19066EBB00F10616 /* Project object */;
}
